
Microsoft Visual Studio Solution File, Format Version 12.00
Project("{FAE04EC0-301F-11D3-BF4B-00C04F79EFBC}") = "Task01A", "Task01A\Task01A.csproj", "{F2510124-F6E6-4021-AC1D-E884753E0797}"
EndProject
Project("{2150E333-8FDC-42A3-9474-1A3956D46DE8}") = "Practice01", "Practice01", "{41746FD7-E572-45E2-9510-C6AE1BCEAE7A}"
EndProject
Project("{FAE04EC0-301F-11D3-BF4B-00C04F79EFBC}") = "Task01B", "Task01B\Task01B.csproj", "{E10F6882-7F39-4F88-82E5-C564E6ADEAEF}"
EndProject
Project("{FAE04EC0-301F-11D3-BF4B-00C04F79EFBC}") = "Task02", "Task02\Task02.csproj", "{90DFC05F-0127-48CA-8DA3-1F04E6E01E46}"
EndProject
Project("{FAE04EC0-301F-11D3-BF4B-00C04F79EFBC}") = "Task03", "Task03\Task03.csproj", "{DBD47FF9-5824-49EF-A1A6-84D7A18E0D32}"
EndProject
Project("{FAE04EC0-301F-11D3-BF4B-00C04F79EFBC}") = "Task04", "Task04\Task04.csproj", "{23B37892-DA2B-4479-A458-C0F1CDC6C5EE}"
EndProject
Project("{FAE04EC0-301F-11D3-BF4B-00C04F79EFBC}") = "Task05", "Task05\Task05.csproj", "{048549E7-0E34-4DE9-955B-16F7C71BCBDD}"
EndProject
Project("{FAE04EC0-301F-11D3-BF4B-00C04F79EFBC}") = "Task06A", "Task06A\Task06A.csproj", "{5F4C735A-DF10-49E8-B17D-E6981419DB81}"
EndProject
Project("{FAE04EC0-301F-11D3-BF4B-00C04F79EFBC}") = "Task06B", "Task06B\Task06B.csproj", "{3F1E6C00-09F1-4A3A-ABD1-16B65DE12BF6}"
EndProject
Project("{2150E333-8FDC-42A3-9474-1A3956D46DE8}") = "Practice02", "Practice02", "{C8F84764-5788-4713-8DB9-8AB88446F17D}"
EndProject
Project("{FAE04EC0-301F-11D3-BF4B-00C04F79EFBC}") = "Practice02.Task01", "Practice02.Task01\Practice02.Task01.csproj", "{89A16490-F6F0-4B74-94FC-DDF46813D41F}"
EndProject
Project("{FAE04EC0-301F-11D3-BF4B-00C04F79EFBC}") = "Practice02.Task02", "Practice02.Task02\Practice02.Task02.csproj", "{351C1F43-1FC1-4B5F-9CA2-0A54E90A08C1}"
EndProject
Project("{FAE04EC0-301F-11D3-BF4B-00C04F79EFBC}") = "Practice02.Task03", "Practice02.Task03\Practice02.Task03.csproj", "{556C004E-57D1-43FF-86C1-C7D7487DB9DC}"
EndProject
Project("{FAE04EC0-301F-11D3-BF4B-00C04F79EFBC}") = "Practice02.Task04", "Practice02.Task04\Practice02.Task04.csproj", "{E12796B9-CF5A-4CE3-B25E-C01BAFB2690D}"
EndProject
Project("{FAE04EC0-301F-11D3-BF4B-00C04F79EFBC}") = "Practice02.Task05", "Practice02.Task05\Practice02.Task05.csproj", "{40A01763-13D3-4D68-897D-4E495E4E82F6}"
EndProject
Project("{FAE04EC0-301F-11D3-BF4B-00C04F79EFBC}") = "Practice02.Task06", "Practice02.Task06\Practice02.Task06.csproj", "{061B1EA3-6AA4-4B42-B508-88F528DA1B3A}"
EndProject
Project("{FAE04EC0-301F-11D3-BF4B-00C04F79EFBC}") = "Practice02.Task07", "Practice02.Task07\Practice02.Task07.csproj", "{0D06E051-BA53-49DB-A761-CAE2D48B5CE6}"
EndProject
Project("{FAE04EC0-301F-11D3-BF4B-00C04F79EFBC}") = "Practice02.Task08", "Practice02.Task08\Practice02.Task08.csproj", "{0D2EB98A-8FDB-4F99-AC79-F2460980B105}"
EndProject
Project("{FAE04EC0-301F-11D3-BF4B-00C04F79EFBC}") = "Practice02.Task09", "Practice02.Task09\Practice02.Task09.csproj", "{17F6522C-58D3-464E-B11F-C110F323F491}"
EndProject
Project("{FAE04EC0-301F-11D3-BF4B-00C04F79EFBC}") = "Practice02.Task10", "Practice02.Task10\Practice02.Task10.csproj", "{FB202686-0915-4295-ABD9-FB0D2AC021A4}"
EndProject
Project("{FAE04EC0-301F-11D3-BF4B-00C04F79EFBC}") = "Practice02.Task11", "Practice02.Task11\Practice02.Task11.csproj", "{A8341183-1877-42D7-8653-07575CC666C8}"
EndProject
Project("{FAE04EC0-301F-11D3-BF4B-00C04F79EFBC}") = "Practice02.Task12", "Practice02.Task12\Practice02.Task12.csproj", "{551D3285-CFB4-4F5C-B6DF-9DCF07518398}"
EndProject
Project("{FAE04EC0-301F-11D3-BF4B-00C04F79EFBC}") = "Practice02.Task23", "Practice02.Task23\Practice02.Task23.csproj", "{EF5AEA65-1F0A-4EDA-B41A-BD3659D5E937}"
EndProject
Project("{FAE04EC0-301F-11D3-BF4B-00C04F79EFBC}") = "Practice02.Task22", "Practice02.Task22\Practice02.Task22.csproj", "{C26A5B8A-5D03-4775-9612-E6B769111366}"
EndProject
Project("{FAE04EC0-301F-11D3-BF4B-00C04F79EFBC}") = "Practice02.Task13", "Practice02.Task13\Practice02.Task13.csproj", "{8CBF08BC-E93E-4F4D-938B-0A2AA2A474FF}"
EndProject
Project("{FAE04EC0-301F-11D3-BF4B-00C04F79EFBC}") = "Practice02.Task15", "Practice02.Task15\Practice02.Task15.csproj", "{4D0F1567-E665-4F61-A99B-19C336F0DEF7}"
EndProject
Project("{FAE04EC0-301F-11D3-BF4B-00C04F79EFBC}") = "Practice02.Task16", "Practice02.Task16\Practice02.Task16.csproj", "{E3B1E883-FB83-4206-8365-58E9BFEBEA41}"
EndProject
Project("{FAE04EC0-301F-11D3-BF4B-00C04F79EFBC}") = "Practice02.Task18", "Practice02.Task18\Practice02.Task18.csproj", "{25ED6F72-B2A7-4BE7-AD8D-844F9E25A353}"
EndProject
Project("{FAE04EC0-301F-11D3-BF4B-00C04F79EFBC}") = "Practice02.Task14", "Practice02.Task14\Practice02.Task14.csproj", "{339AD190-BC56-47E5-AB8C-E87516097193}"
EndProject
Project("{2150E333-8FDC-42A3-9474-1A3956D46DE8}") = "Practice03", "Practice03", "{125F4A24-6FE1-45E9-B6C5-5AF47AEF8D47}"
EndProject
Project("{FAE04EC0-301F-11D3-BF4B-00C04F79EFBC}") = "Practice03.Task06", "Practice03.Task06\Practice03.Task06.csproj", "{8F1BC8AF-29DA-4C03-BD5D-DC560798726C}"
EndProject
Global
	GlobalSection(SolutionConfigurationPlatforms) = preSolution
		Debug|Any CPU = Debug|Any CPU
		Release|Any CPU = Release|Any CPU
	EndGlobalSection
	GlobalSection(ProjectConfigurationPlatforms) = postSolution
		{F2510124-F6E6-4021-AC1D-E884753E0797}.Debug|Any CPU.ActiveCfg = Debug|Any CPU
		{F2510124-F6E6-4021-AC1D-E884753E0797}.Debug|Any CPU.Build.0 = Debug|Any CPU
		{F2510124-F6E6-4021-AC1D-E884753E0797}.Release|Any CPU.ActiveCfg = Release|Any CPU
		{F2510124-F6E6-4021-AC1D-E884753E0797}.Release|Any CPU.Build.0 = Release|Any CPU
		{E10F6882-7F39-4F88-82E5-C564E6ADEAEF}.Debug|Any CPU.ActiveCfg = Debug|Any CPU
		{E10F6882-7F39-4F88-82E5-C564E6ADEAEF}.Debug|Any CPU.Build.0 = Debug|Any CPU
		{E10F6882-7F39-4F88-82E5-C564E6ADEAEF}.Release|Any CPU.ActiveCfg = Release|Any CPU
		{E10F6882-7F39-4F88-82E5-C564E6ADEAEF}.Release|Any CPU.Build.0 = Release|Any CPU
		{90DFC05F-0127-48CA-8DA3-1F04E6E01E46}.Debug|Any CPU.ActiveCfg = Debug|Any CPU
		{90DFC05F-0127-48CA-8DA3-1F04E6E01E46}.Debug|Any CPU.Build.0 = Debug|Any CPU
		{90DFC05F-0127-48CA-8DA3-1F04E6E01E46}.Release|Any CPU.ActiveCfg = Release|Any CPU
		{90DFC05F-0127-48CA-8DA3-1F04E6E01E46}.Release|Any CPU.Build.0 = Release|Any CPU
		{DBD47FF9-5824-49EF-A1A6-84D7A18E0D32}.Debug|Any CPU.ActiveCfg = Debug|Any CPU
		{DBD47FF9-5824-49EF-A1A6-84D7A18E0D32}.Debug|Any CPU.Build.0 = Debug|Any CPU
		{DBD47FF9-5824-49EF-A1A6-84D7A18E0D32}.Release|Any CPU.ActiveCfg = Release|Any CPU
		{DBD47FF9-5824-49EF-A1A6-84D7A18E0D32}.Release|Any CPU.Build.0 = Release|Any CPU
		{23B37892-DA2B-4479-A458-C0F1CDC6C5EE}.Debug|Any CPU.ActiveCfg = Debug|Any CPU
		{23B37892-DA2B-4479-A458-C0F1CDC6C5EE}.Debug|Any CPU.Build.0 = Debug|Any CPU
		{23B37892-DA2B-4479-A458-C0F1CDC6C5EE}.Release|Any CPU.ActiveCfg = Release|Any CPU
		{23B37892-DA2B-4479-A458-C0F1CDC6C5EE}.Release|Any CPU.Build.0 = Release|Any CPU
		{048549E7-0E34-4DE9-955B-16F7C71BCBDD}.Debug|Any CPU.ActiveCfg = Debug|Any CPU
		{048549E7-0E34-4DE9-955B-16F7C71BCBDD}.Debug|Any CPU.Build.0 = Debug|Any CPU
		{048549E7-0E34-4DE9-955B-16F7C71BCBDD}.Release|Any CPU.ActiveCfg = Release|Any CPU
		{048549E7-0E34-4DE9-955B-16F7C71BCBDD}.Release|Any CPU.Build.0 = Release|Any CPU
		{5F4C735A-DF10-49E8-B17D-E6981419DB81}.Debug|Any CPU.ActiveCfg = Debug|Any CPU
		{5F4C735A-DF10-49E8-B17D-E6981419DB81}.Debug|Any CPU.Build.0 = Debug|Any CPU
		{5F4C735A-DF10-49E8-B17D-E6981419DB81}.Release|Any CPU.ActiveCfg = Release|Any CPU
		{5F4C735A-DF10-49E8-B17D-E6981419DB81}.Release|Any CPU.Build.0 = Release|Any CPU
		{3F1E6C00-09F1-4A3A-ABD1-16B65DE12BF6}.Debug|Any CPU.ActiveCfg = Debug|Any CPU
		{3F1E6C00-09F1-4A3A-ABD1-16B65DE12BF6}.Debug|Any CPU.Build.0 = Debug|Any CPU
		{3F1E6C00-09F1-4A3A-ABD1-16B65DE12BF6}.Release|Any CPU.ActiveCfg = Release|Any CPU
		{3F1E6C00-09F1-4A3A-ABD1-16B65DE12BF6}.Release|Any CPU.Build.0 = Release|Any CPU
		{89A16490-F6F0-4B74-94FC-DDF46813D41F}.Debug|Any CPU.ActiveCfg = Debug|Any CPU
		{89A16490-F6F0-4B74-94FC-DDF46813D41F}.Debug|Any CPU.Build.0 = Debug|Any CPU
		{89A16490-F6F0-4B74-94FC-DDF46813D41F}.Release|Any CPU.ActiveCfg = Release|Any CPU
		{89A16490-F6F0-4B74-94FC-DDF46813D41F}.Release|Any CPU.Build.0 = Release|Any CPU
		{351C1F43-1FC1-4B5F-9CA2-0A54E90A08C1}.Debug|Any CPU.ActiveCfg = Debug|Any CPU
		{351C1F43-1FC1-4B5F-9CA2-0A54E90A08C1}.Debug|Any CPU.Build.0 = Debug|Any CPU
		{351C1F43-1FC1-4B5F-9CA2-0A54E90A08C1}.Release|Any CPU.ActiveCfg = Release|Any CPU
		{351C1F43-1FC1-4B5F-9CA2-0A54E90A08C1}.Release|Any CPU.Build.0 = Release|Any CPU
		{556C004E-57D1-43FF-86C1-C7D7487DB9DC}.Debug|Any CPU.ActiveCfg = Debug|Any CPU
		{556C004E-57D1-43FF-86C1-C7D7487DB9DC}.Debug|Any CPU.Build.0 = Debug|Any CPU
		{556C004E-57D1-43FF-86C1-C7D7487DB9DC}.Release|Any CPU.ActiveCfg = Release|Any CPU
		{556C004E-57D1-43FF-86C1-C7D7487DB9DC}.Release|Any CPU.Build.0 = Release|Any CPU
		{E12796B9-CF5A-4CE3-B25E-C01BAFB2690D}.Debug|Any CPU.ActiveCfg = Debug|Any CPU
		{E12796B9-CF5A-4CE3-B25E-C01BAFB2690D}.Debug|Any CPU.Build.0 = Debug|Any CPU
		{E12796B9-CF5A-4CE3-B25E-C01BAFB2690D}.Release|Any CPU.ActiveCfg = Release|Any CPU
		{E12796B9-CF5A-4CE3-B25E-C01BAFB2690D}.Release|Any CPU.Build.0 = Release|Any CPU
		{40A01763-13D3-4D68-897D-4E495E4E82F6}.Debug|Any CPU.ActiveCfg = Debug|Any CPU
		{40A01763-13D3-4D68-897D-4E495E4E82F6}.Debug|Any CPU.Build.0 = Debug|Any CPU
		{40A01763-13D3-4D68-897D-4E495E4E82F6}.Release|Any CPU.ActiveCfg = Release|Any CPU
		{40A01763-13D3-4D68-897D-4E495E4E82F6}.Release|Any CPU.Build.0 = Release|Any CPU
		{061B1EA3-6AA4-4B42-B508-88F528DA1B3A}.Debug|Any CPU.ActiveCfg = Debug|Any CPU
		{061B1EA3-6AA4-4B42-B508-88F528DA1B3A}.Debug|Any CPU.Build.0 = Debug|Any CPU
		{061B1EA3-6AA4-4B42-B508-88F528DA1B3A}.Release|Any CPU.ActiveCfg = Release|Any CPU
		{061B1EA3-6AA4-4B42-B508-88F528DA1B3A}.Release|Any CPU.Build.0 = Release|Any CPU
		{0D06E051-BA53-49DB-A761-CAE2D48B5CE6}.Debug|Any CPU.ActiveCfg = Debug|Any CPU
		{0D06E051-BA53-49DB-A761-CAE2D48B5CE6}.Debug|Any CPU.Build.0 = Debug|Any CPU
		{0D06E051-BA53-49DB-A761-CAE2D48B5CE6}.Release|Any CPU.ActiveCfg = Release|Any CPU
		{0D06E051-BA53-49DB-A761-CAE2D48B5CE6}.Release|Any CPU.Build.0 = Release|Any CPU
		{0D2EB98A-8FDB-4F99-AC79-F2460980B105}.Debug|Any CPU.ActiveCfg = Debug|Any CPU
		{0D2EB98A-8FDB-4F99-AC79-F2460980B105}.Debug|Any CPU.Build.0 = Debug|Any CPU
		{0D2EB98A-8FDB-4F99-AC79-F2460980B105}.Release|Any CPU.ActiveCfg = Release|Any CPU
		{0D2EB98A-8FDB-4F99-AC79-F2460980B105}.Release|Any CPU.Build.0 = Release|Any CPU
		{17F6522C-58D3-464E-B11F-C110F323F491}.Debug|Any CPU.ActiveCfg = Debug|Any CPU
		{17F6522C-58D3-464E-B11F-C110F323F491}.Debug|Any CPU.Build.0 = Debug|Any CPU
		{17F6522C-58D3-464E-B11F-C110F323F491}.Release|Any CPU.ActiveCfg = Release|Any CPU
		{17F6522C-58D3-464E-B11F-C110F323F491}.Release|Any CPU.Build.0 = Release|Any CPU
		{FB202686-0915-4295-ABD9-FB0D2AC021A4}.Debug|Any CPU.ActiveCfg = Debug|Any CPU
		{FB202686-0915-4295-ABD9-FB0D2AC021A4}.Debug|Any CPU.Build.0 = Debug|Any CPU
		{FB202686-0915-4295-ABD9-FB0D2AC021A4}.Release|Any CPU.ActiveCfg = Release|Any CPU
		{FB202686-0915-4295-ABD9-FB0D2AC021A4}.Release|Any CPU.Build.0 = Release|Any CPU
		{A8341183-1877-42D7-8653-07575CC666C8}.Debug|Any CPU.ActiveCfg = Debug|Any CPU
		{A8341183-1877-42D7-8653-07575CC666C8}.Debug|Any CPU.Build.0 = Debug|Any CPU
		{A8341183-1877-42D7-8653-07575CC666C8}.Release|Any CPU.ActiveCfg = Release|Any CPU
		{A8341183-1877-42D7-8653-07575CC666C8}.Release|Any CPU.Build.0 = Release|Any CPU
		{551D3285-CFB4-4F5C-B6DF-9DCF07518398}.Debug|Any CPU.ActiveCfg = Debug|Any CPU
		{551D3285-CFB4-4F5C-B6DF-9DCF07518398}.Debug|Any CPU.Build.0 = Debug|Any CPU
		{551D3285-CFB4-4F5C-B6DF-9DCF07518398}.Release|Any CPU.ActiveCfg = Release|Any CPU
		{551D3285-CFB4-4F5C-B6DF-9DCF07518398}.Release|Any CPU.Build.0 = Release|Any CPU
		{EF5AEA65-1F0A-4EDA-B41A-BD3659D5E937}.Debug|Any CPU.ActiveCfg = Debug|Any CPU
		{EF5AEA65-1F0A-4EDA-B41A-BD3659D5E937}.Debug|Any CPU.Build.0 = Debug|Any CPU
		{EF5AEA65-1F0A-4EDA-B41A-BD3659D5E937}.Release|Any CPU.ActiveCfg = Release|Any CPU
		{EF5AEA65-1F0A-4EDA-B41A-BD3659D5E937}.Release|Any CPU.Build.0 = Release|Any CPU
		{C26A5B8A-5D03-4775-9612-E6B769111366}.Debug|Any CPU.ActiveCfg = Debug|Any CPU
		{C26A5B8A-5D03-4775-9612-E6B769111366}.Debug|Any CPU.Build.0 = Debug|Any CPU
		{C26A5B8A-5D03-4775-9612-E6B769111366}.Release|Any CPU.ActiveCfg = Release|Any CPU
		{C26A5B8A-5D03-4775-9612-E6B769111366}.Release|Any CPU.Build.0 = Release|Any CPU
		{8CBF08BC-E93E-4F4D-938B-0A2AA2A474FF}.Debug|Any CPU.ActiveCfg = Debug|Any CPU
		{8CBF08BC-E93E-4F4D-938B-0A2AA2A474FF}.Debug|Any CPU.Build.0 = Debug|Any CPU
		{8CBF08BC-E93E-4F4D-938B-0A2AA2A474FF}.Release|Any CPU.ActiveCfg = Release|Any CPU
		{8CBF08BC-E93E-4F4D-938B-0A2AA2A474FF}.Release|Any CPU.Build.0 = Release|Any CPU
		{4D0F1567-E665-4F61-A99B-19C336F0DEF7}.Debug|Any CPU.ActiveCfg = Debug|Any CPU
		{4D0F1567-E665-4F61-A99B-19C336F0DEF7}.Debug|Any CPU.Build.0 = Debug|Any CPU
		{4D0F1567-E665-4F61-A99B-19C336F0DEF7}.Release|Any CPU.ActiveCfg = Release|Any CPU
		{4D0F1567-E665-4F61-A99B-19C336F0DEF7}.Release|Any CPU.Build.0 = Release|Any CPU
		{E3B1E883-FB83-4206-8365-58E9BFEBEA41}.Debug|Any CPU.ActiveCfg = Debug|Any CPU
		{E3B1E883-FB83-4206-8365-58E9BFEBEA41}.Debug|Any CPU.Build.0 = Debug|Any CPU
		{E3B1E883-FB83-4206-8365-58E9BFEBEA41}.Release|Any CPU.ActiveCfg = Release|Any CPU
		{E3B1E883-FB83-4206-8365-58E9BFEBEA41}.Release|Any CPU.Build.0 = Release|Any CPU
		{25ED6F72-B2A7-4BE7-AD8D-844F9E25A353}.Debug|Any CPU.ActiveCfg = Debug|Any CPU
		{25ED6F72-B2A7-4BE7-AD8D-844F9E25A353}.Debug|Any CPU.Build.0 = Debug|Any CPU
		{25ED6F72-B2A7-4BE7-AD8D-844F9E25A353}.Release|Any CPU.ActiveCfg = Release|Any CPU
		{25ED6F72-B2A7-4BE7-AD8D-844F9E25A353}.Release|Any CPU.Build.0 = Release|Any CPU
		{339AD190-BC56-47E5-AB8C-E87516097193}.Debug|Any CPU.ActiveCfg = Debug|Any CPU
		{339AD190-BC56-47E5-AB8C-E87516097193}.Debug|Any CPU.Build.0 = Debug|Any CPU
		{339AD190-BC56-47E5-AB8C-E87516097193}.Release|Any CPU.ActiveCfg = Release|Any CPU
		{339AD190-BC56-47E5-AB8C-E87516097193}.Release|Any CPU.Build.0 = Release|Any CPU
		{8F1BC8AF-29DA-4C03-BD5D-DC560798726C}.Debug|Any CPU.ActiveCfg = Debug|Any CPU
		{8F1BC8AF-29DA-4C03-BD5D-DC560798726C}.Debug|Any CPU.Build.0 = Debug|Any CPU
		{8F1BC8AF-29DA-4C03-BD5D-DC560798726C}.Release|Any CPU.ActiveCfg = Release|Any CPU
		{8F1BC8AF-29DA-4C03-BD5D-DC560798726C}.Release|Any CPU.Build.0 = Release|Any CPU
	EndGlobalSection
	GlobalSection(NestedProjects) = preSolution
		{F2510124-F6E6-4021-AC1D-E884753E0797} = {41746FD7-E572-45E2-9510-C6AE1BCEAE7A}
		{E10F6882-7F39-4F88-82E5-C564E6ADEAEF} = {41746FD7-E572-45E2-9510-C6AE1BCEAE7A}
		{90DFC05F-0127-48CA-8DA3-1F04E6E01E46} = {41746FD7-E572-45E2-9510-C6AE1BCEAE7A}
		{DBD47FF9-5824-49EF-A1A6-84D7A18E0D32} = {41746FD7-E572-45E2-9510-C6AE1BCEAE7A}
		{23B37892-DA2B-4479-A458-C0F1CDC6C5EE} = {41746FD7-E572-45E2-9510-C6AE1BCEAE7A}
		{048549E7-0E34-4DE9-955B-16F7C71BCBDD} = {41746FD7-E572-45E2-9510-C6AE1BCEAE7A}
		{5F4C735A-DF10-49E8-B17D-E6981419DB81} = {41746FD7-E572-45E2-9510-C6AE1BCEAE7A}
		{3F1E6C00-09F1-4A3A-ABD1-16B65DE12BF6} = {41746FD7-E572-45E2-9510-C6AE1BCEAE7A}
		{89A16490-F6F0-4B74-94FC-DDF46813D41F} = {C8F84764-5788-4713-8DB9-8AB88446F17D}
		{351C1F43-1FC1-4B5F-9CA2-0A54E90A08C1} = {C8F84764-5788-4713-8DB9-8AB88446F17D}
		{556C004E-57D1-43FF-86C1-C7D7487DB9DC} = {C8F84764-5788-4713-8DB9-8AB88446F17D}
		{E12796B9-CF5A-4CE3-B25E-C01BAFB2690D} = {C8F84764-5788-4713-8DB9-8AB88446F17D}
		{40A01763-13D3-4D68-897D-4E495E4E82F6} = {C8F84764-5788-4713-8DB9-8AB88446F17D}
		{061B1EA3-6AA4-4B42-B508-88F528DA1B3A} = {C8F84764-5788-4713-8DB9-8AB88446F17D}
		{0D06E051-BA53-49DB-A761-CAE2D48B5CE6} = {C8F84764-5788-4713-8DB9-8AB88446F17D}
		{0D2EB98A-8FDB-4F99-AC79-F2460980B105} = {C8F84764-5788-4713-8DB9-8AB88446F17D}
		{17F6522C-58D3-464E-B11F-C110F323F491} = {C8F84764-5788-4713-8DB9-8AB88446F17D}
		{FB202686-0915-4295-ABD9-FB0D2AC021A4} = {C8F84764-5788-4713-8DB9-8AB88446F17D}
		{A8341183-1877-42D7-8653-07575CC666C8} = {C8F84764-5788-4713-8DB9-8AB88446F17D}
		{551D3285-CFB4-4F5C-B6DF-9DCF07518398} = {C8F84764-5788-4713-8DB9-8AB88446F17D}
		{EF5AEA65-1F0A-4EDA-B41A-BD3659D5E937} = {C8F84764-5788-4713-8DB9-8AB88446F17D}
		{C26A5B8A-5D03-4775-9612-E6B769111366} = {C8F84764-5788-4713-8DB9-8AB88446F17D}
		{8CBF08BC-E93E-4F4D-938B-0A2AA2A474FF} = {C8F84764-5788-4713-8DB9-8AB88446F17D}
		{4D0F1567-E665-4F61-A99B-19C336F0DEF7} = {C8F84764-5788-4713-8DB9-8AB88446F17D}
		{E3B1E883-FB83-4206-8365-58E9BFEBEA41} = {C8F84764-5788-4713-8DB9-8AB88446F17D}
		{25ED6F72-B2A7-4BE7-AD8D-844F9E25A353} = {C8F84764-5788-4713-8DB9-8AB88446F17D}
		{339AD190-BC56-47E5-AB8C-E87516097193} = {C8F84764-5788-4713-8DB9-8AB88446F17D}
		{8F1BC8AF-29DA-4C03-BD5D-DC560798726C} = {125F4A24-6FE1-45E9-B6C5-5AF47AEF8D47}
	EndGlobalSection
EndGlobal
