
Microsoft Visual Studio Solution File, Format Version 12.00
Project("{FAE04EC0-301F-11D3-BF4B-00C04F79EFBC}") = "Task01A", "Task01A\Task01A.csproj", "{F2510124-F6E6-4021-AC1D-E884753E0797}"
EndProject
Project("{2150E333-8FDC-42A3-9474-1A3956D46DE8}") = "Practice01", "Practice01", "{41746FD7-E572-45E2-9510-C6AE1BCEAE7A}"
EndProject
Project("{FAE04EC0-301F-11D3-BF4B-00C04F79EFBC}") = "Task01B", "Task01B\Task01B.csproj", "{E10F6882-7F39-4F88-82E5-C564E6ADEAEF}"
EndProject
Project("{FAE04EC0-301F-11D3-BF4B-00C04F79EFBC}") = "Task02", "Task02\Task02.csproj", "{90DFC05F-0127-48CA-8DA3-1F04E6E01E46}"
EndProject
Project("{FAE04EC0-301F-11D3-BF4B-00C04F79EFBC}") = "Task03", "Task03\Task03.csproj", "{DBD47FF9-5824-49EF-A1A6-84D7A18E0D32}"
EndProject
Project("{FAE04EC0-301F-11D3-BF4B-00C04F79EFBC}") = "Task04", "Task04\Task04.csproj", "{23B37892-DA2B-4479-A458-C0F1CDC6C5EE}"
EndProject
Project("{FAE04EC0-301F-11D3-BF4B-00C04F79EFBC}") = "Task05", "Task05\Task05.csproj", "{048549E7-0E34-4DE9-955B-16F7C71BCBDD}"
EndProject
Project("{FAE04EC0-301F-11D3-BF4B-00C04F79EFBC}") = "Task06A", "Task06A\Task06A.csproj", "{5F4C735A-DF10-49E8-B17D-E6981419DB81}"
EndProject
Project("{FAE04EC0-301F-11D3-BF4B-00C04F79EFBC}") = "Task06B", "Task06B\Task06B.csproj", "{3F1E6C00-09F1-4A3A-ABD1-16B65DE12BF6}"
EndProject
Global
	GlobalSection(SolutionConfigurationPlatforms) = preSolution
		Debug|Any CPU = Debug|Any CPU
		Release|Any CPU = Release|Any CPU
	EndGlobalSection
	GlobalSection(ProjectConfigurationPlatforms) = postSolution
		{F2510124-F6E6-4021-AC1D-E884753E0797}.Debug|Any CPU.ActiveCfg = Debug|Any CPU
		{F2510124-F6E6-4021-AC1D-E884753E0797}.Debug|Any CPU.Build.0 = Debug|Any CPU
		{F2510124-F6E6-4021-AC1D-E884753E0797}.Release|Any CPU.ActiveCfg = Release|Any CPU
		{F2510124-F6E6-4021-AC1D-E884753E0797}.Release|Any CPU.Build.0 = Release|Any CPU
		{E10F6882-7F39-4F88-82E5-C564E6ADEAEF}.Debug|Any CPU.ActiveCfg = Debug|Any CPU
		{E10F6882-7F39-4F88-82E5-C564E6ADEAEF}.Debug|Any CPU.Build.0 = Debug|Any CPU
		{E10F6882-7F39-4F88-82E5-C564E6ADEAEF}.Release|Any CPU.ActiveCfg = Release|Any CPU
		{E10F6882-7F39-4F88-82E5-C564E6ADEAEF}.Release|Any CPU.Build.0 = Release|Any CPU
		{90DFC05F-0127-48CA-8DA3-1F04E6E01E46}.Debug|Any CPU.ActiveCfg = Debug|Any CPU
		{90DFC05F-0127-48CA-8DA3-1F04E6E01E46}.Debug|Any CPU.Build.0 = Debug|Any CPU
		{90DFC05F-0127-48CA-8DA3-1F04E6E01E46}.Release|Any CPU.ActiveCfg = Release|Any CPU
		{90DFC05F-0127-48CA-8DA3-1F04E6E01E46}.Release|Any CPU.Build.0 = Release|Any CPU
		{DBD47FF9-5824-49EF-A1A6-84D7A18E0D32}.Debug|Any CPU.ActiveCfg = Debug|Any CPU
		{DBD47FF9-5824-49EF-A1A6-84D7A18E0D32}.Debug|Any CPU.Build.0 = Debug|Any CPU
		{DBD47FF9-5824-49EF-A1A6-84D7A18E0D32}.Release|Any CPU.ActiveCfg = Release|Any CPU
		{DBD47FF9-5824-49EF-A1A6-84D7A18E0D32}.Release|Any CPU.Build.0 = Release|Any CPU
		{23B37892-DA2B-4479-A458-C0F1CDC6C5EE}.Debug|Any CPU.ActiveCfg = Debug|Any CPU
		{23B37892-DA2B-4479-A458-C0F1CDC6C5EE}.Debug|Any CPU.Build.0 = Debug|Any CPU
		{23B37892-DA2B-4479-A458-C0F1CDC6C5EE}.Release|Any CPU.ActiveCfg = Release|Any CPU
		{23B37892-DA2B-4479-A458-C0F1CDC6C5EE}.Release|Any CPU.Build.0 = Release|Any CPU
		{048549E7-0E34-4DE9-955B-16F7C71BCBDD}.Debug|Any CPU.ActiveCfg = Debug|Any CPU
		{048549E7-0E34-4DE9-955B-16F7C71BCBDD}.Debug|Any CPU.Build.0 = Debug|Any CPU
		{048549E7-0E34-4DE9-955B-16F7C71BCBDD}.Release|Any CPU.ActiveCfg = Release|Any CPU
		{048549E7-0E34-4DE9-955B-16F7C71BCBDD}.Release|Any CPU.Build.0 = Release|Any CPU
		{5F4C735A-DF10-49E8-B17D-E6981419DB81}.Debug|Any CPU.ActiveCfg = Debug|Any CPU
		{5F4C735A-DF10-49E8-B17D-E6981419DB81}.Debug|Any CPU.Build.0 = Debug|Any CPU
		{5F4C735A-DF10-49E8-B17D-E6981419DB81}.Release|Any CPU.ActiveCfg = Release|Any CPU
		{5F4C735A-DF10-49E8-B17D-E6981419DB81}.Release|Any CPU.Build.0 = Release|Any CPU
		{3F1E6C00-09F1-4A3A-ABD1-16B65DE12BF6}.Debug|Any CPU.ActiveCfg = Debug|Any CPU
		{3F1E6C00-09F1-4A3A-ABD1-16B65DE12BF6}.Debug|Any CPU.Build.0 = Debug|Any CPU
		{3F1E6C00-09F1-4A3A-ABD1-16B65DE12BF6}.Release|Any CPU.ActiveCfg = Release|Any CPU
		{3F1E6C00-09F1-4A3A-ABD1-16B65DE12BF6}.Release|Any CPU.Build.0 = Release|Any CPU
	EndGlobalSection
	GlobalSection(NestedProjects) = preSolution
		{F2510124-F6E6-4021-AC1D-E884753E0797} = {41746FD7-E572-45E2-9510-C6AE1BCEAE7A}
		{E10F6882-7F39-4F88-82E5-C564E6ADEAEF} = {41746FD7-E572-45E2-9510-C6AE1BCEAE7A}
		{90DFC05F-0127-48CA-8DA3-1F04E6E01E46} = {41746FD7-E572-45E2-9510-C6AE1BCEAE7A}
		{DBD47FF9-5824-49EF-A1A6-84D7A18E0D32} = {41746FD7-E572-45E2-9510-C6AE1BCEAE7A}
		{23B37892-DA2B-4479-A458-C0F1CDC6C5EE} = {41746FD7-E572-45E2-9510-C6AE1BCEAE7A}
		{048549E7-0E34-4DE9-955B-16F7C71BCBDD} = {41746FD7-E572-45E2-9510-C6AE1BCEAE7A}
		{5F4C735A-DF10-49E8-B17D-E6981419DB81} = {41746FD7-E572-45E2-9510-C6AE1BCEAE7A}
		{3F1E6C00-09F1-4A3A-ABD1-16B65DE12BF6} = {41746FD7-E572-45E2-9510-C6AE1BCEAE7A}
	EndGlobalSection
EndGlobal
